// !$*UTF8*$!
{
	archiveVersion = 1;
	classes = {
	};
	objectVersion = 56;
	objects = {

/* Begin PBXBuildFile section */
		A3455B6729362E8D00215FAF /* AppDelegate.swift in Sources */ = {isa = PBXBuildFile; fileRef = A3455B6629362E8D00215FAF /* AppDelegate.swift */; };
		A3455B6929362E8D00215FAF /* SceneDelegate.swift in Sources */ = {isa = PBXBuildFile; fileRef = A3455B6829362E8D00215FAF /* SceneDelegate.swift */; };
		A3455B7029362E8E00215FAF /* Assets.xcassets in Resources */ = {isa = PBXBuildFile; fileRef = A3455B6F29362E8E00215FAF /* Assets.xcassets */; };
		A3455B8029362FA400215FAF /* HomeViewController.swift in Sources */ = {isa = PBXBuildFile; fileRef = A3455B7F29362FA400215FAF /* HomeViewController.swift */; };
		A3455B8229362FBD00215FAF /* HomeView.swift in Sources */ = {isa = PBXBuildFile; fileRef = A3455B8129362FBD00215FAF /* HomeView.swift */; };
		A3455B84293630C700215FAF /* HomeViewModel.swift in Sources */ = {isa = PBXBuildFile; fileRef = A3455B83293630C700215FAF /* HomeViewModel.swift */; };
		A3455B862936315500215FAF /* Player.swift in Sources */ = {isa = PBXBuildFile; fileRef = A3455B852936315500215FAF /* Player.swift */; };
		A3455B892936320D00215FAF /* UIImage.swift in Sources */ = {isa = PBXBuildFile; fileRef = A3455B882936320D00215FAF /* UIImage.swift */; };
		A3455B8C2936358500215FAF /* PlayerType.swift in Sources */ = {isa = PBXBuildFile; fileRef = A3455B8B2936358500215FAF /* PlayerType.swift */; };
		A3455B8F293639AB00215FAF /* PlayerCell.swift in Sources */ = {isa = PBXBuildFile; fileRef = A3455B8E293639AB00215FAF /* PlayerCell.swift */; };
		A3455B962936C1CC00215FAF /* ConfigurableCell.swift in Sources */ = {isa = PBXBuildFile; fileRef = A3455B952936C1CC00215FAF /* ConfigurableCell.swift */; };
		A3455B982936C25A00215FAF /* CellConfigurator.swift in Sources */ = {isa = PBXBuildFile; fileRef = A3455B972936C25A00215FAF /* CellConfigurator.swift */; };
		A3455B9A2936C2A400215FAF /* TableCellConfigurator.swift in Sources */ = {isa = PBXBuildFile; fileRef = A3455B992936C2A400215FAF /* TableCellConfigurator.swift */; };
		A3455B9C2936C4A000215FAF /* IMCCell.swift in Sources */ = {isa = PBXBuildFile; fileRef = A3455B9B2936C4A000215FAF /* IMCCell.swift */; };
		A3455B9E2936C4EA00215FAF /* IMCScreen.swift in Sources */ = {isa = PBXBuildFile; fileRef = A3455B9D2936C4EA00215FAF /* IMCScreen.swift */; };
		A3DC903B2936D04E00DCA426 /* IMCViewController.swift in Sources */ = {isa = PBXBuildFile; fileRef = A3DC903A2936D04E00DCA426 /* IMCViewController.swift */; };
		A3DC903F2936D47100DCA426 /* IMCView.swift in Sources */ = {isa = PBXBuildFile; fileRef = A3DC903E2936D47100DCA426 /* IMCView.swift */; };
		A3DC90412936D5C600DCA426 /* IMCTextField.swift in Sources */ = {isa = PBXBuildFile; fileRef = A3DC90402936D5C600DCA426 /* IMCTextField.swift */; };
		A3DC90432936DB0600DCA426 /* IMCViewModel.swift in Sources */ = {isa = PBXBuildFile; fileRef = A3DC90422936DB0600DCA426 /* IMCViewModel.swift */; };
		A3DC904529377E0200DCA426 /* Double.swift in Sources */ = {isa = PBXBuildFile; fileRef = A3DC904429377E0200DCA426 /* Double.swift */; };
		A3DC90472937B53600DCA426 /* IMC.swift in Sources */ = {isa = PBXBuildFile; fileRef = A3DC90462937B53600DCA426 /* IMC.swift */; };
		A3DC904A2937B87C00DCA426 /* IMCResultViewController.swift in Sources */ = {isa = PBXBuildFile; fileRef = A3DC90492937B87B00DCA426 /* IMCResultViewController.swift */; };
		A3DC904C2937B9F900DCA426 /* IMCResultView.swift in Sources */ = {isa = PBXBuildFile; fileRef = A3DC904B2937B9F900DCA426 /* IMCResultView.swift */; };
		A3DC904E2937BCA400DCA426 /* IMCRange.swift in Sources */ = {isa = PBXBuildFile; fileRef = A3DC904D2937BCA400DCA426 /* IMCRange.swift */; };
		A3DC90502937BFCE00DCA426 /* IMCResultViewModel.swift in Sources */ = {isa = PBXBuildFile; fileRef = A3DC904F2937BFCE00DCA426 /* IMCResultViewModel.swift */; };
		A3DC90532937CF6F00DCA426 /* IMCMainButton.swift in Sources */ = {isa = PBXBuildFile; fileRef = A3DC90522937CF6F00DCA426 /* IMCMainButton.swift */; };
		A3DC90552937CFBA00DCA426 /* IMCSecondButton.swift in Sources */ = {isa = PBXBuildFile; fileRef = A3DC90542937CFBA00DCA426 /* IMCSecondButton.swift */; };
		A3DC905729390A4700DCA426 /* CarRotationCell.swift in Sources */ = {isa = PBXBuildFile; fileRef = A3DC905629390A4700DCA426 /* CarRotationCell.swift */; };
		A3DC905A29390A8B00DCA426 /* CarRotationScreen.swift in Sources */ = {isa = PBXBuildFile; fileRef = A3DC905929390A8B00DCA426 /* CarRotationScreen.swift */; };
		A3DC906029390E9A00DCA426 /* CarRotationViewController.swift in Sources */ = {isa = PBXBuildFile; fileRef = A3DC905F29390E9A00DCA426 /* CarRotationViewController.swift */; };
		A3DC9062293915CE00DCA426 /* CarRotationView.swift in Sources */ = {isa = PBXBuildFile; fileRef = A3DC9061293915CE00DCA426 /* CarRotationView.swift */; };
		A3F3B5FF29392AEA0024A208 /* RoundedTextField.swift in Sources */ = {isa = PBXBuildFile; fileRef = A3F3B5FE29392AEA0024A208 /* RoundedTextField.swift */; };
		A3F3B60129392B810024A208 /* LicensePlateTextField.swift in Sources */ = {isa = PBXBuildFile; fileRef = A3F3B60029392B810024A208 /* LicensePlateTextField.swift */; };
		A3F3B60529393C3C0024A208 /* CarRotationViewModel.swift in Sources */ = {isa = PBXBuildFile; fileRef = A3F3B60429393C3C0024A208 /* CarRotationViewModel.swift */; };
		A3F3B60A293960BF0024A208 /* CarRotationResultViewController.swift in Sources */ = {isa = PBXBuildFile; fileRef = A3F3B609293960BF0024A208 /* CarRotationResultViewController.swift */; };
		A3F3B60C2939619A0024A208 /* CarRotationResultView.swift in Sources */ = {isa = PBXBuildFile; fileRef = A3F3B60B2939619A0024A208 /* CarRotationResultView.swift */; };
		A3F3B60E293962850024A208 /* CarRotationResultViewModel.swift in Sources */ = {isa = PBXBuildFile; fileRef = A3F3B60D293962850024A208 /* CarRotationResultViewModel.swift */; };
		A3F3B610293963510024A208 /* Weekday.swift in Sources */ = {isa = PBXBuildFile; fileRef = A3F3B60F293963510024A208 /* Weekday.swift */; };
		A3F3B612293D20420024A208 /* LicensePlateType.swift in Sources */ = {isa = PBXBuildFile; fileRef = A3F3B611293D20420024A208 /* LicensePlateType.swift */; };
/* End PBXBuildFile section */

/* Begin PBXFileReference section */
		A3455B6329362E8D00215FAF /* TableViewMVVM.app */ = {isa = PBXFileReference; explicitFileType = wrapper.application; includeInIndex = 0; path = TableViewMVVM.app; sourceTree = BUILT_PRODUCTS_DIR; };
		A3455B6629362E8D00215FAF /* AppDelegate.swift */ = {isa = PBXFileReference; lastKnownFileType = sourcecode.swift; path = AppDelegate.swift; sourceTree = "<group>"; };
		A3455B6829362E8D00215FAF /* SceneDelegate.swift */ = {isa = PBXFileReference; lastKnownFileType = sourcecode.swift; path = SceneDelegate.swift; sourceTree = "<group>"; };
		A3455B6F29362E8E00215FAF /* Assets.xcassets */ = {isa = PBXFileReference; lastKnownFileType = folder.assetcatalog; path = Assets.xcassets; sourceTree = "<group>"; };
		A3455B7429362E8E00215FAF /* Info.plist */ = {isa = PBXFileReference; lastKnownFileType = text.plist.xml; path = Info.plist; sourceTree = "<group>"; };
		A3455B7F29362FA400215FAF /* HomeViewController.swift */ = {isa = PBXFileReference; lastKnownFileType = sourcecode.swift; path = HomeViewController.swift; sourceTree = "<group>"; };
		A3455B8129362FBD00215FAF /* HomeView.swift */ = {isa = PBXFileReference; lastKnownFileType = sourcecode.swift; path = HomeView.swift; sourceTree = "<group>"; };
		A3455B83293630C700215FAF /* HomeViewModel.swift */ = {isa = PBXFileReference; lastKnownFileType = sourcecode.swift; path = HomeViewModel.swift; sourceTree = "<group>"; };
		A3455B852936315500215FAF /* Player.swift */ = {isa = PBXFileReference; lastKnownFileType = sourcecode.swift; path = Player.swift; sourceTree = "<group>"; };
		A3455B882936320D00215FAF /* UIImage.swift */ = {isa = PBXFileReference; lastKnownFileType = sourcecode.swift; path = UIImage.swift; sourceTree = "<group>"; };
		A3455B8B2936358500215FAF /* PlayerType.swift */ = {isa = PBXFileReference; lastKnownFileType = sourcecode.swift; path = PlayerType.swift; sourceTree = "<group>"; };
		A3455B8E293639AB00215FAF /* PlayerCell.swift */ = {isa = PBXFileReference; lastKnownFileType = sourcecode.swift; path = PlayerCell.swift; sourceTree = "<group>"; };
		A3455B952936C1CC00215FAF /* ConfigurableCell.swift */ = {isa = PBXFileReference; lastKnownFileType = sourcecode.swift; path = ConfigurableCell.swift; sourceTree = "<group>"; };
		A3455B972936C25A00215FAF /* CellConfigurator.swift */ = {isa = PBXFileReference; lastKnownFileType = sourcecode.swift; path = CellConfigurator.swift; sourceTree = "<group>"; };
		A3455B992936C2A400215FAF /* TableCellConfigurator.swift */ = {isa = PBXFileReference; lastKnownFileType = sourcecode.swift; path = TableCellConfigurator.swift; sourceTree = "<group>"; };
		A3455B9B2936C4A000215FAF /* IMCCell.swift */ = {isa = PBXFileReference; lastKnownFileType = sourcecode.swift; path = IMCCell.swift; sourceTree = "<group>"; };
		A3455B9D2936C4EA00215FAF /* IMCScreen.swift */ = {isa = PBXFileReference; lastKnownFileType = sourcecode.swift; path = IMCScreen.swift; sourceTree = "<group>"; };
		A3DC903A2936D04E00DCA426 /* IMCViewController.swift */ = {isa = PBXFileReference; lastKnownFileType = sourcecode.swift; path = IMCViewController.swift; sourceTree = "<group>"; };
		A3DC903E2936D47100DCA426 /* IMCView.swift */ = {isa = PBXFileReference; lastKnownFileType = sourcecode.swift; path = IMCView.swift; sourceTree = "<group>"; };
		A3DC90402936D5C600DCA426 /* IMCTextField.swift */ = {isa = PBXFileReference; lastKnownFileType = sourcecode.swift; path = IMCTextField.swift; sourceTree = "<group>"; };
		A3DC90422936DB0600DCA426 /* IMCViewModel.swift */ = {isa = PBXFileReference; lastKnownFileType = sourcecode.swift; path = IMCViewModel.swift; sourceTree = "<group>"; };
		A3DC904429377E0200DCA426 /* Double.swift */ = {isa = PBXFileReference; lastKnownFileType = sourcecode.swift; path = Double.swift; sourceTree = "<group>"; };
		A3DC90462937B53600DCA426 /* IMC.swift */ = {isa = PBXFileReference; lastKnownFileType = sourcecode.swift; path = IMC.swift; sourceTree = "<group>"; };
		A3DC90492937B87B00DCA426 /* IMCResultViewController.swift */ = {isa = PBXFileReference; lastKnownFileType = sourcecode.swift; path = IMCResultViewController.swift; sourceTree = "<group>"; };
		A3DC904B2937B9F900DCA426 /* IMCResultView.swift */ = {isa = PBXFileReference; lastKnownFileType = sourcecode.swift; path = IMCResultView.swift; sourceTree = "<group>"; };
		A3DC904D2937BCA400DCA426 /* IMCRange.swift */ = {isa = PBXFileReference; lastKnownFileType = sourcecode.swift; path = IMCRange.swift; sourceTree = "<group>"; };
		A3DC904F2937BFCE00DCA426 /* IMCResultViewModel.swift */ = {isa = PBXFileReference; lastKnownFileType = sourcecode.swift; path = IMCResultViewModel.swift; sourceTree = "<group>"; };
		A3DC90522937CF6F00DCA426 /* IMCMainButton.swift */ = {isa = PBXFileReference; lastKnownFileType = sourcecode.swift; path = IMCMainButton.swift; sourceTree = "<group>"; };
		A3DC90542937CFBA00DCA426 /* IMCSecondButton.swift */ = {isa = PBXFileReference; lastKnownFileType = sourcecode.swift; path = IMCSecondButton.swift; sourceTree = "<group>"; };
		A3DC905629390A4700DCA426 /* CarRotationCell.swift */ = {isa = PBXFileReference; lastKnownFileType = sourcecode.swift; path = CarRotationCell.swift; sourceTree = "<group>"; };
		A3DC905929390A8B00DCA426 /* CarRotationScreen.swift */ = {isa = PBXFileReference; lastKnownFileType = sourcecode.swift; path = CarRotationScreen.swift; sourceTree = "<group>"; };
		A3DC905F29390E9A00DCA426 /* CarRotationViewController.swift */ = {isa = PBXFileReference; lastKnownFileType = sourcecode.swift; path = CarRotationViewController.swift; sourceTree = "<group>"; };
		A3DC9061293915CE00DCA426 /* CarRotationView.swift */ = {isa = PBXFileReference; lastKnownFileType = sourcecode.swift; path = CarRotationView.swift; sourceTree = "<group>"; };
		A3F3B5FE29392AEA0024A208 /* RoundedTextField.swift */ = {isa = PBXFileReference; lastKnownFileType = sourcecode.swift; path = RoundedTextField.swift; sourceTree = "<group>"; };
		A3F3B60029392B810024A208 /* LicensePlateTextField.swift */ = {isa = PBXFileReference; lastKnownFileType = sourcecode.swift; path = LicensePlateTextField.swift; sourceTree = "<group>"; };
		A3F3B60429393C3C0024A208 /* CarRotationViewModel.swift */ = {isa = PBXFileReference; lastKnownFileType = sourcecode.swift; path = CarRotationViewModel.swift; sourceTree = "<group>"; };
		A3F3B609293960BF0024A208 /* CarRotationResultViewController.swift */ = {isa = PBXFileReference; lastKnownFileType = sourcecode.swift; path = CarRotationResultViewController.swift; sourceTree = "<group>"; };
		A3F3B60B2939619A0024A208 /* CarRotationResultView.swift */ = {isa = PBXFileReference; lastKnownFileType = sourcecode.swift; path = CarRotationResultView.swift; sourceTree = "<group>"; };
		A3F3B60D293962850024A208 /* CarRotationResultViewModel.swift */ = {isa = PBXFileReference; lastKnownFileType = sourcecode.swift; path = CarRotationResultViewModel.swift; sourceTree = "<group>"; };
		A3F3B60F293963510024A208 /* Weekday.swift */ = {isa = PBXFileReference; lastKnownFileType = sourcecode.swift; path = Weekday.swift; sourceTree = "<group>"; };
		A3F3B611293D20420024A208 /* LicensePlateType.swift */ = {isa = PBXFileReference; lastKnownFileType = sourcecode.swift; path = LicensePlateType.swift; sourceTree = "<group>"; };
/* End PBXFileReference section */

/* Begin PBXFrameworksBuildPhase section */
		A3455B6029362E8D00215FAF /* Frameworks */ = {
			isa = PBXFrameworksBuildPhase;
			buildActionMask = 2147483647;
			files = (
			);
			runOnlyForDeploymentPostprocessing = 0;
		};
/* End PBXFrameworksBuildPhase section */

/* Begin PBXGroup section */
		A3455B5A29362E8D00215FAF = {
			isa = PBXGroup;
			children = (
				A3455B6529362E8D00215FAF /* TableViewMVVM */,
				A3455B6429362E8D00215FAF /* Products */,
			);
			sourceTree = "<group>";
		};
		A3455B6429362E8D00215FAF /* Products */ = {
			isa = PBXGroup;
			children = (
				A3455B6329362E8D00215FAF /* TableViewMVVM.app */,
			);
			name = Products;
			sourceTree = "<group>";
		};
		A3455B6529362E8D00215FAF /* TableViewMVVM */ = {
			isa = PBXGroup;
			children = (
				A3455B942936C17F00215FAF /* Protocols */,
				A3455B8D2936399A00215FAF /* Components */,
				A3455B8A2936357500215FAF /* Enum */,
				A3455B7B29362EA700215FAF /* Model */,
				A3455B872936320200215FAF /* Extensions */,
				A3455B7A29362E9A00215FAF /* AppDelegate */,
				A3455B7E29362ECF00215FAF /* Resources */,
				A3455B7C29362EB100215FAF /* View */,
				A3455B7D29362EB600215FAF /* ViewModel */,
				A3455B7429362E8E00215FAF /* Info.plist */,
			);
			path = TableViewMVVM;
			sourceTree = "<group>";
		};
		A3455B7A29362E9A00215FAF /* AppDelegate */ = {
			isa = PBXGroup;
			children = (
				A3455B6629362E8D00215FAF /* AppDelegate.swift */,
				A3455B6829362E8D00215FAF /* SceneDelegate.swift */,
			);
			path = AppDelegate;
			sourceTree = "<group>";
		};
		A3455B7B29362EA700215FAF /* Model */ = {
			isa = PBXGroup;
			children = (
				A3DC905829390A7A00DCA426 /* Screens */,
				A3455B852936315500215FAF /* Player.swift */,
				A3DC90462937B53600DCA426 /* IMC.swift */,
			);
			path = Model;
			sourceTree = "<group>";
		};
		A3455B7C29362EB100215FAF /* View */ = {
			isa = PBXGroup;
			children = (
				A3DC905E29390E8400DCA426 /* Car Rotation */,
				A3DC903D2936D46000DCA426 /* IMC */,
				A3DC903C2936D45700DCA426 /* Home */,
			);
			path = View;
			sourceTree = "<group>";
		};
		A3455B7D29362EB600215FAF /* ViewModel */ = {
			isa = PBXGroup;
			children = (
				A3455B83293630C700215FAF /* HomeViewModel.swift */,
				A3DC90422936DB0600DCA426 /* IMCViewModel.swift */,
				A3DC904F2937BFCE00DCA426 /* IMCResultViewModel.swift */,
				A3F3B60429393C3C0024A208 /* CarRotationViewModel.swift */,
				A3F3B60D293962850024A208 /* CarRotationResultViewModel.swift */,
			);
			path = ViewModel;
			sourceTree = "<group>";
		};
		A3455B7E29362ECF00215FAF /* Resources */ = {
			isa = PBXGroup;
			children = (
				A3455B6F29362E8E00215FAF /* Assets.xcassets */,
			);
			path = Resources;
			sourceTree = "<group>";
		};
		A3455B872936320200215FAF /* Extensions */ = {
			isa = PBXGroup;
			children = (
				A3455B882936320D00215FAF /* UIImage.swift */,
				A3DC904429377E0200DCA426 /* Double.swift */,
			);
			path = Extensions;
			sourceTree = "<group>";
		};
		A3455B8A2936357500215FAF /* Enum */ = {
			isa = PBXGroup;
			children = (
				A3455B8B2936358500215FAF /* PlayerType.swift */,
				A3DC904D2937BCA400DCA426 /* IMCRange.swift */,
				A3F3B60F293963510024A208 /* Weekday.swift */,
				A3F3B611293D20420024A208 /* LicensePlateType.swift */,
			);
			path = Enum;
			sourceTree = "<group>";
		};
		A3455B8D2936399A00215FAF /* Components */ = {
			isa = PBXGroup;
			children = (
				A3F3B5FA29391A9E0024A208 /* Button */,
				A3F3B5F929391A970024A208 /* TextField */,
				A3DC90512937CF5200DCA426 /* Cells */,
			);
			path = Components;
			sourceTree = "<group>";
		};
		A3455B942936C17F00215FAF /* Protocols */ = {
			isa = PBXGroup;
			children = (
				A3455B952936C1CC00215FAF /* ConfigurableCell.swift */,
				A3455B972936C25A00215FAF /* CellConfigurator.swift */,
			);
			path = Protocols;
			sourceTree = "<group>";
		};
		A3DC903C2936D45700DCA426 /* Home */ = {
			isa = PBXGroup;
			children = (
				A3455B7F29362FA400215FAF /* HomeViewController.swift */,
				A3455B8129362FBD00215FAF /* HomeView.swift */,
			);
			path = Home;
			sourceTree = "<group>";
		};
		A3DC903D2936D46000DCA426 /* IMC */ = {
			isa = PBXGroup;
			children = (
				A3DC90482937B86900DCA426 /* IMCResult */,
				A3DC903A2936D04E00DCA426 /* IMCViewController.swift */,
				A3DC903E2936D47100DCA426 /* IMCView.swift */,
			);
			path = IMC;
			sourceTree = "<group>";
		};
		A3DC90482937B86900DCA426 /* IMCResult */ = {
			isa = PBXGroup;
			children = (
				A3DC90492937B87B00DCA426 /* IMCResultViewController.swift */,
				A3DC904B2937B9F900DCA426 /* IMCResultView.swift */,
			);
			path = IMCResult;
			sourceTree = "<group>";
		};
		A3DC90512937CF5200DCA426 /* Cells */ = {
			isa = PBXGroup;
			children = (
				A3455B8E293639AB00215FAF /* PlayerCell.swift */,
				A3455B992936C2A400215FAF /* TableCellConfigurator.swift */,
				A3455B9B2936C4A000215FAF /* IMCCell.swift */,
				A3DC905629390A4700DCA426 /* CarRotationCell.swift */,
			);
			path = Cells;
			sourceTree = "<group>";
		};
		A3DC905829390A7A00DCA426 /* Screens */ = {
			isa = PBXGroup;
			children = (
				A3455B9D2936C4EA00215FAF /* IMCScreen.swift */,
				A3DC905929390A8B00DCA426 /* CarRotationScreen.swift */,
			);
			path = Screens;
			sourceTree = "<group>";
		};
		A3DC905E29390E8400DCA426 /* Car Rotation */ = {
			isa = PBXGroup;
			children = (
				A3F3B608293960A50024A208 /* CarRotationResult */,
				A3DC905F29390E9A00DCA426 /* CarRotationViewController.swift */,
				A3DC9061293915CE00DCA426 /* CarRotationView.swift */,
			);
			path = "Car Rotation";
			sourceTree = "<group>";
		};
		A3F3B5F929391A970024A208 /* TextField */ = {
			isa = PBXGroup;
			children = (
				A3DC90402936D5C600DCA426 /* IMCTextField.swift */,
				A3F3B5FE29392AEA0024A208 /* RoundedTextField.swift */,
				A3F3B60029392B810024A208 /* LicensePlateTextField.swift */,
			);
			path = TextField;
			sourceTree = "<group>";
		};
		A3F3B5FA29391A9E0024A208 /* Button */ = {
			isa = PBXGroup;
			children = (
				A3DC90522937CF6F00DCA426 /* IMCMainButton.swift */,
				A3DC90542937CFBA00DCA426 /* IMCSecondButton.swift */,
			);
			path = Button;
			sourceTree = "<group>";
		};
		A3F3B608293960A50024A208 /* CarRotationResult */ = {
			isa = PBXGroup;
			children = (
				A3F3B609293960BF0024A208 /* CarRotationResultViewController.swift */,
				A3F3B60B2939619A0024A208 /* CarRotationResultView.swift */,
			);
			path = CarRotationResult;
			sourceTree = "<group>";
		};
/* End PBXGroup section */

/* Begin PBXNativeTarget section */
		A3455B6229362E8D00215FAF /* TableViewMVVM */ = {
			isa = PBXNativeTarget;
			buildConfigurationList = A3455B7729362E8E00215FAF /* Build configuration list for PBXNativeTarget "TableViewMVVM" */;
			buildPhases = (
				A3455B5F29362E8D00215FAF /* Sources */,
				A3455B6029362E8D00215FAF /* Frameworks */,
				A3455B6129362E8D00215FAF /* Resources */,
			);
			buildRules = (
			);
			dependencies = (
			);
			name = TableViewMVVM;
			productName = TableViewMVVM;
			productReference = A3455B6329362E8D00215FAF /* TableViewMVVM.app */;
			productType = "com.apple.product-type.application";
		};
/* End PBXNativeTarget section */

/* Begin PBXProject section */
		A3455B5B29362E8D00215FAF /* Project object */ = {
			isa = PBXProject;
			attributes = {
				BuildIndependentTargetsInParallel = 1;
				LastSwiftUpdateCheck = 1400;
				LastUpgradeCheck = 1400;
				TargetAttributes = {
					A3455B6229362E8D00215FAF = {
						CreatedOnToolsVersion = 14.0;
					};
				};
			};
			buildConfigurationList = A3455B5E29362E8D00215FAF /* Build configuration list for PBXProject "TableViewMVVM" */;
			compatibilityVersion = "Xcode 14.0";
			developmentRegion = en;
			hasScannedForEncodings = 0;
			knownRegions = (
				en,
				Base,
			);
			mainGroup = A3455B5A29362E8D00215FAF;
			productRefGroup = A3455B6429362E8D00215FAF /* Products */;
			projectDirPath = "";
			projectRoot = "";
			targets = (
				A3455B6229362E8D00215FAF /* TableViewMVVM */,
			);
		};
/* End PBXProject section */

/* Begin PBXResourcesBuildPhase section */
		A3455B6129362E8D00215FAF /* Resources */ = {
			isa = PBXResourcesBuildPhase;
			buildActionMask = 2147483647;
			files = (
				A3455B7029362E8E00215FAF /* Assets.xcassets in Resources */,
			);
			runOnlyForDeploymentPostprocessing = 0;
		};
/* End PBXResourcesBuildPhase section */

/* Begin PBXSourcesBuildPhase section */
		A3455B5F29362E8D00215FAF /* Sources */ = {
			isa = PBXSourcesBuildPhase;
			buildActionMask = 2147483647;
			files = (
				A3DC904E2937BCA400DCA426 /* IMCRange.swift in Sources */,
				A3F3B60529393C3C0024A208 /* CarRotationViewModel.swift in Sources */,
				A3F3B60A293960BF0024A208 /* CarRotationResultViewController.swift in Sources */,
				A3DC90432936DB0600DCA426 /* IMCViewModel.swift in Sources */,
				A3455B962936C1CC00215FAF /* ConfigurableCell.swift in Sources */,
				A3DC905729390A4700DCA426 /* CarRotationCell.swift in Sources */,
				A3F3B612293D20420024A208 /* LicensePlateType.swift in Sources */,
				A3F3B610293963510024A208 /* Weekday.swift in Sources */,
				A3DC905A29390A8B00DCA426 /* CarRotationScreen.swift in Sources */,
				A3455B9A2936C2A400215FAF /* TableCellConfigurator.swift in Sources */,
				A3455B6729362E8D00215FAF /* AppDelegate.swift in Sources */,
				A3F3B60C2939619A0024A208 /* CarRotationResultView.swift in Sources */,
				A3DC90412936D5C600DCA426 /* IMCTextField.swift in Sources */,
				A3455B982936C25A00215FAF /* CellConfigurator.swift in Sources */,
				A3F3B5FF29392AEA0024A208 /* RoundedTextField.swift in Sources */,
				A3455B8229362FBD00215FAF /* HomeView.swift in Sources */,
				A3455B9C2936C4A000215FAF /* IMCCell.swift in Sources */,
				A3F3B60E293962850024A208 /* CarRotationResultViewModel.swift in Sources */,
				A3455B8C2936358500215FAF /* PlayerType.swift in Sources */,
				A3DC904529377E0200DCA426 /* Double.swift in Sources */,
				A3DC9062293915CE00DCA426 /* CarRotationView.swift in Sources */,
				A3455B6929362E8D00215FAF /* SceneDelegate.swift in Sources */,
				A3455B84293630C700215FAF /* HomeViewModel.swift in Sources */,
				A3DC903B2936D04E00DCA426 /* IMCViewController.swift in Sources */,
				A3DC904C2937B9F900DCA426 /* IMCResultView.swift in Sources */,
				A3DC90552937CFBA00DCA426 /* IMCSecondButton.swift in Sources */,
				A3DC90472937B53600DCA426 /* IMC.swift in Sources */,
				A3DC90532937CF6F00DCA426 /* IMCMainButton.swift in Sources */,
				A3455B862936315500215FAF /* Player.swift in Sources */,
				A3DC906029390E9A00DCA426 /* CarRotationViewController.swift in Sources */,
				A3455B8F293639AB00215FAF /* PlayerCell.swift in Sources */,
				A3DC903F2936D47100DCA426 /* IMCView.swift in Sources */,
				A3F3B60129392B810024A208 /* LicensePlateTextField.swift in Sources */,
				A3455B8029362FA400215FAF /* HomeViewController.swift in Sources */,
				A3455B892936320D00215FAF /* UIImage.swift in Sources */,
				A3455B9E2936C4EA00215FAF /* IMCScreen.swift in Sources */,
				A3DC904A2937B87C00DCA426 /* IMCResultViewController.swift in Sources */,
				A3DC90502937BFCE00DCA426 /* IMCResultViewModel.swift in Sources */,
			);
			runOnlyForDeploymentPostprocessing = 0;
		};
/* End PBXSourcesBuildPhase section */

/* Begin XCBuildConfiguration section */
		A3455B7529362E8E00215FAF /* Debug */ = {
			isa = XCBuildConfiguration;
			buildSettings = {
				ALWAYS_SEARCH_USER_PATHS = NO;
				CLANG_ANALYZER_NONNULL = YES;
				CLANG_ANALYZER_NUMBER_OBJECT_CONVERSION = YES_AGGRESSIVE;
				CLANG_CXX_LANGUAGE_STANDARD = "gnu++20";
				CLANG_ENABLE_MODULES = YES;
				CLANG_ENABLE_OBJC_ARC = YES;
				CLANG_ENABLE_OBJC_WEAK = YES;
				CLANG_WARN_BLOCK_CAPTURE_AUTORELEASING = YES;
				CLANG_WARN_BOOL_CONVERSION = YES;
				CLANG_WARN_COMMA = YES;
				CLANG_WARN_CONSTANT_CONVERSION = YES;
				CLANG_WARN_DEPRECATED_OBJC_IMPLEMENTATIONS = YES;
				CLANG_WARN_DIRECT_OBJC_ISA_USAGE = YES_ERROR;
				CLANG_WARN_DOCUMENTATION_COMMENTS = YES;
				CLANG_WARN_EMPTY_BODY = YES;
				CLANG_WARN_ENUM_CONVERSION = YES;
				CLANG_WARN_INFINITE_RECURSION = YES;
				CLANG_WARN_INT_CONVERSION = YES;
				CLANG_WARN_NON_LITERAL_NULL_CONVERSION = YES;
				CLANG_WARN_OBJC_IMPLICIT_RETAIN_SELF = YES;
				CLANG_WARN_OBJC_LITERAL_CONVERSION = YES;
				CLANG_WARN_OBJC_ROOT_CLASS = YES_ERROR;
				CLANG_WARN_QUOTED_INCLUDE_IN_FRAMEWORK_HEADER = YES;
				CLANG_WARN_RANGE_LOOP_ANALYSIS = YES;
				CLANG_WARN_STRICT_PROTOTYPES = YES;
				CLANG_WARN_SUSPICIOUS_MOVE = YES;
				CLANG_WARN_UNGUARDED_AVAILABILITY = YES_AGGRESSIVE;
				CLANG_WARN_UNREACHABLE_CODE = YES;
				CLANG_WARN__DUPLICATE_METHOD_MATCH = YES;
				COPY_PHASE_STRIP = NO;
				DEBUG_INFORMATION_FORMAT = dwarf;
				ENABLE_STRICT_OBJC_MSGSEND = YES;
				ENABLE_TESTABILITY = YES;
				GCC_C_LANGUAGE_STANDARD = gnu11;
				GCC_DYNAMIC_NO_PIC = NO;
				GCC_NO_COMMON_BLOCKS = YES;
				GCC_OPTIMIZATION_LEVEL = 0;
				GCC_PREPROCESSOR_DEFINITIONS = (
					"DEBUG=1",
					"$(inherited)",
				);
				GCC_WARN_64_TO_32_BIT_CONVERSION = YES;
				GCC_WARN_ABOUT_RETURN_TYPE = YES_ERROR;
				GCC_WARN_UNDECLARED_SELECTOR = YES;
				GCC_WARN_UNINITIALIZED_AUTOS = YES_AGGRESSIVE;
				GCC_WARN_UNUSED_FUNCTION = YES;
				GCC_WARN_UNUSED_VARIABLE = YES;
				IPHONEOS_DEPLOYMENT_TARGET = 16.0;
				MTL_ENABLE_DEBUG_INFO = INCLUDE_SOURCE;
				MTL_FAST_MATH = YES;
				ONLY_ACTIVE_ARCH = YES;
				SDKROOT = iphoneos;
				SWIFT_ACTIVE_COMPILATION_CONDITIONS = DEBUG;
				SWIFT_OPTIMIZATION_LEVEL = "-Onone";
			};
			name = Debug;
		};
		A3455B7629362E8E00215FAF /* Release */ = {
			isa = XCBuildConfiguration;
			buildSettings = {
				ALWAYS_SEARCH_USER_PATHS = NO;
				CLANG_ANALYZER_NONNULL = YES;
				CLANG_ANALYZER_NUMBER_OBJECT_CONVERSION = YES_AGGRESSIVE;
				CLANG_CXX_LANGUAGE_STANDARD = "gnu++20";
				CLANG_ENABLE_MODULES = YES;
				CLANG_ENABLE_OBJC_ARC = YES;
				CLANG_ENABLE_OBJC_WEAK = YES;
				CLANG_WARN_BLOCK_CAPTURE_AUTORELEASING = YES;
				CLANG_WARN_BOOL_CONVERSION = YES;
				CLANG_WARN_COMMA = YES;
				CLANG_WARN_CONSTANT_CONVERSION = YES;
				CLANG_WARN_DEPRECATED_OBJC_IMPLEMENTATIONS = YES;
				CLANG_WARN_DIRECT_OBJC_ISA_USAGE = YES_ERROR;
				CLANG_WARN_DOCUMENTATION_COMMENTS = YES;
				CLANG_WARN_EMPTY_BODY = YES;
				CLANG_WARN_ENUM_CONVERSION = YES;
				CLANG_WARN_INFINITE_RECURSION = YES;
				CLANG_WARN_INT_CONVERSION = YES;
				CLANG_WARN_NON_LITERAL_NULL_CONVERSION = YES;
				CLANG_WARN_OBJC_IMPLICIT_RETAIN_SELF = YES;
				CLANG_WARN_OBJC_LITERAL_CONVERSION = YES;
				CLANG_WARN_OBJC_ROOT_CLASS = YES_ERROR;
				CLANG_WARN_QUOTED_INCLUDE_IN_FRAMEWORK_HEADER = YES;
				CLANG_WARN_RANGE_LOOP_ANALYSIS = YES;
				CLANG_WARN_STRICT_PROTOTYPES = YES;
				CLANG_WARN_SUSPICIOUS_MOVE = YES;
				CLANG_WARN_UNGUARDED_AVAILABILITY = YES_AGGRESSIVE;
				CLANG_WARN_UNREACHABLE_CODE = YES;
				CLANG_WARN__DUPLICATE_METHOD_MATCH = YES;
				COPY_PHASE_STRIP = NO;
				DEBUG_INFORMATION_FORMAT = "dwarf-with-dsym";
				ENABLE_NS_ASSERTIONS = NO;
				ENABLE_STRICT_OBJC_MSGSEND = YES;
				GCC_C_LANGUAGE_STANDARD = gnu11;
				GCC_NO_COMMON_BLOCKS = YES;
				GCC_WARN_64_TO_32_BIT_CONVERSION = YES;
				GCC_WARN_ABOUT_RETURN_TYPE = YES_ERROR;
				GCC_WARN_UNDECLARED_SELECTOR = YES;
				GCC_WARN_UNINITIALIZED_AUTOS = YES_AGGRESSIVE;
				GCC_WARN_UNUSED_FUNCTION = YES;
				GCC_WARN_UNUSED_VARIABLE = YES;
				IPHONEOS_DEPLOYMENT_TARGET = 16.0;
				MTL_ENABLE_DEBUG_INFO = NO;
				MTL_FAST_MATH = YES;
				SDKROOT = iphoneos;
				SWIFT_COMPILATION_MODE = wholemodule;
				SWIFT_OPTIMIZATION_LEVEL = "-O";
				VALIDATE_PRODUCT = YES;
			};
			name = Release;
		};
		A3455B7829362E8E00215FAF /* Debug */ = {
			isa = XCBuildConfiguration;
			buildSettings = {
				ASSETCATALOG_COMPILER_APPICON_NAME = AppIcon;
				ASSETCATALOG_COMPILER_GLOBAL_ACCENT_COLOR_NAME = AccentColor;
				CODE_SIGN_STYLE = Automatic;
				CURRENT_PROJECT_VERSION = 1;
				DEVELOPMENT_TEAM = GM2YUUZ32A;
				GENERATE_INFOPLIST_FILE = YES;
				INFOPLIST_FILE = TableViewMVVM/Info.plist;
				INFOPLIST_KEY_UIApplicationSupportsIndirectInputEvents = YES;
				INFOPLIST_KEY_UILaunchStoryboardName = LaunchScreen;
				INFOPLIST_KEY_UISupportedInterfaceOrientations_iPad = "UIInterfaceOrientationPortrait UIInterfaceOrientationPortraitUpsideDown UIInterfaceOrientationLandscapeLeft UIInterfaceOrientationLandscapeRight";
				INFOPLIST_KEY_UISupportedInterfaceOrientations_iPhone = "UIInterfaceOrientationPortrait UIInterfaceOrientationLandscapeLeft UIInterfaceOrientationLandscapeRight";
				LD_RUNPATH_SEARCH_PATHS = (
					"$(inherited)",
					"@executable_path/Frameworks",
				);
				MARKETING_VERSION = 1.0;
				PRODUCT_BUNDLE_IDENTIFIER = br.com.simim.TableViewMVVM;
				PRODUCT_NAME = "$(TARGET_NAME)";
				SWIFT_EMIT_LOC_STRINGS = YES;
				SWIFT_VERSION = 5.0;
				TARGETED_DEVICE_FAMILY = "1,2";
			};
			name = Debug;
		};
		A3455B7929362E8E00215FAF /* Release */ = {
			isa = XCBuildConfiguration;
			buildSettings = {
				ASSETCATALOG_COMPILER_APPICON_NAME = AppIcon;
				ASSETCATALOG_COMPILER_GLOBAL_ACCENT_COLOR_NAME = AccentColor;
				CODE_SIGN_STYLE = Automatic;
				CURRENT_PROJECT_VERSION = 1;
				DEVELOPMENT_TEAM = GM2YUUZ32A;
				GENERATE_INFOPLIST_FILE = YES;
				INFOPLIST_FILE = TableViewMVVM/Info.plist;
				INFOPLIST_KEY_UIApplicationSupportsIndirectInputEvents = YES;
				INFOPLIST_KEY_UILaunchStoryboardName = LaunchScreen;
				INFOPLIST_KEY_UISupportedInterfaceOrientations_iPad = "UIInterfaceOrientationPortrait UIInterfaceOrientationPortraitUpsideDown UIInterfaceOrientationLandscapeLeft UIInterfaceOrientationLandscapeRight";
				INFOPLIST_KEY_UISupportedInterfaceOrientations_iPhone = "UIInterfaceOrientationPortrait UIInterfaceOrientationLandscapeLeft UIInterfaceOrientationLandscapeRight";
				LD_RUNPATH_SEARCH_PATHS = (
					"$(inherited)",
					"@executable_path/Frameworks",
				);
				MARKETING_VERSION = 1.0;
				PRODUCT_BUNDLE_IDENTIFIER = br.com.simim.TableViewMVVM;
				PRODUCT_NAME = "$(TARGET_NAME)";
				SWIFT_EMIT_LOC_STRINGS = YES;
				SWIFT_VERSION = 5.0;
				TARGETED_DEVICE_FAMILY = "1,2";
			};
			name = Release;
		};
/* End XCBuildConfiguration section */

/* Begin XCConfigurationList section */
		A3455B5E29362E8D00215FAF /* Build configuration list for PBXProject "TableViewMVVM" */ = {
			isa = XCConfigurationList;
			buildConfigurations = (
				A3455B7529362E8E00215FAF /* Debug */,
				A3455B7629362E8E00215FAF /* Release */,
			);
			defaultConfigurationIsVisible = 0;
			defaultConfigurationName = Release;
		};
		A3455B7729362E8E00215FAF /* Build configuration list for PBXNativeTarget "TableViewMVVM" */ = {
			isa = XCConfigurationList;
			buildConfigurations = (
				A3455B7829362E8E00215FAF /* Debug */,
				A3455B7929362E8E00215FAF /* Release */,
			);
			defaultConfigurationIsVisible = 0;
			defaultConfigurationName = Release;
		};
/* End XCConfigurationList section */
	};
	rootObject = A3455B5B29362E8D00215FAF /* Project object */;
}
