// !$*UTF8*$!
{
	archiveVersion = 1;
	classes = {
	};
	objectVersion = 56;
	objects = {

/* Begin PBXBuildFile section */
		A3455B6729362E8D00215FAF /* AppDelegate.swift in Sources */ = {isa = PBXBuildFile; fileRef = A3455B6629362E8D00215FAF /* AppDelegate.swift */; };
		A3455B6929362E8D00215FAF /* SceneDelegate.swift in Sources */ = {isa = PBXBuildFile; fileRef = A3455B6829362E8D00215FAF /* SceneDelegate.swift */; };
		A3455B7029362E8E00215FAF /* Assets.xcassets in Resources */ = {isa = PBXBuildFile; fileRef = A3455B6F29362E8E00215FAF /* Assets.xcassets */; };
		A3455B8029362FA400215FAF /* HomeViewController.swift in Sources */ = {isa = PBXBuildFile; fileRef = A3455B7F29362FA400215FAF /* HomeViewController.swift */; };
		A3455B8229362FBD00215FAF /* HomeView.swift in Sources */ = {isa = PBXBuildFile; fileRef = A3455B8129362FBD00215FAF /* HomeView.swift */; };
		A3455B84293630C700215FAF /* HomeViewModel.swift in Sources */ = {isa = PBXBuildFile; fileRef = A3455B83293630C700215FAF /* HomeViewModel.swift */; };
		A3455B862936315500215FAF /* Player.swift in Sources */ = {isa = PBXBuildFile; fileRef = A3455B852936315500215FAF /* Player.swift */; };
		A3455B892936320D00215FAF /* UIImage.swift in Sources */ = {isa = PBXBuildFile; fileRef = A3455B882936320D00215FAF /* UIImage.swift */; };
		A3455B8C2936358500215FAF /* PlayerType.swift in Sources */ = {isa = PBXBuildFile; fileRef = A3455B8B2936358500215FAF /* PlayerType.swift */; };
		A3455B8F293639AB00215FAF /* PlayerTableViewCell.swift in Sources */ = {isa = PBXBuildFile; fileRef = A3455B8E293639AB00215FAF /* PlayerTableViewCell.swift */; };
/* End PBXBuildFile section */

/* Begin PBXFileReference section */
		A3455B6329362E8D00215FAF /* TableViewMVVM.app */ = {isa = PBXFileReference; explicitFileType = wrapper.application; includeInIndex = 0; path = TableViewMVVM.app; sourceTree = BUILT_PRODUCTS_DIR; };
		A3455B6629362E8D00215FAF /* AppDelegate.swift */ = {isa = PBXFileReference; lastKnownFileType = sourcecode.swift; path = AppDelegate.swift; sourceTree = "<group>"; };
		A3455B6829362E8D00215FAF /* SceneDelegate.swift */ = {isa = PBXFileReference; lastKnownFileType = sourcecode.swift; path = SceneDelegate.swift; sourceTree = "<group>"; };
		A3455B6F29362E8E00215FAF /* Assets.xcassets */ = {isa = PBXFileReference; lastKnownFileType = folder.assetcatalog; path = Assets.xcassets; sourceTree = "<group>"; };
		A3455B7429362E8E00215FAF /* Info.plist */ = {isa = PBXFileReference; lastKnownFileType = text.plist.xml; path = Info.plist; sourceTree = "<group>"; };
		A3455B7F29362FA400215FAF /* HomeViewController.swift */ = {isa = PBXFileReference; lastKnownFileType = sourcecode.swift; path = HomeViewController.swift; sourceTree = "<group>"; };
		A3455B8129362FBD00215FAF /* HomeView.swift */ = {isa = PBXFileReference; lastKnownFileType = sourcecode.swift; path = HomeView.swift; sourceTree = "<group>"; };
		A3455B83293630C700215FAF /* HomeViewModel.swift */ = {isa = PBXFileReference; lastKnownFileType = sourcecode.swift; path = HomeViewModel.swift; sourceTree = "<group>"; };
		A3455B852936315500215FAF /* Player.swift */ = {isa = PBXFileReference; lastKnownFileType = sourcecode.swift; path = Player.swift; sourceTree = "<group>"; };
		A3455B882936320D00215FAF /* UIImage.swift */ = {isa = PBXFileReference; lastKnownFileType = sourcecode.swift; path = UIImage.swift; sourceTree = "<group>"; };
		A3455B8B2936358500215FAF /* PlayerType.swift */ = {isa = PBXFileReference; lastKnownFileType = sourcecode.swift; path = PlayerType.swift; sourceTree = "<group>"; };
		A3455B8E293639AB00215FAF /* PlayerTableViewCell.swift */ = {isa = PBXFileReference; lastKnownFileType = sourcecode.swift; path = PlayerTableViewCell.swift; sourceTree = "<group>"; };
/* End PBXFileReference section */

/* Begin PBXFrameworksBuildPhase section */
		A3455B6029362E8D00215FAF /* Frameworks */ = {
			isa = PBXFrameworksBuildPhase;
			buildActionMask = 2147483647;
			files = (
			);
			runOnlyForDeploymentPostprocessing = 0;
		};
/* End PBXFrameworksBuildPhase section */

/* Begin PBXGroup section */
		A3455B5A29362E8D00215FAF = {
			isa = PBXGroup;
			children = (
				A3455B6529362E8D00215FAF /* TableViewMVVM */,
				A3455B6429362E8D00215FAF /* Products */,
			);
			sourceTree = "<group>";
		};
		A3455B6429362E8D00215FAF /* Products */ = {
			isa = PBXGroup;
			children = (
				A3455B6329362E8D00215FAF /* TableViewMVVM.app */,
			);
			name = Products;
			sourceTree = "<group>";
		};
		A3455B6529362E8D00215FAF /* TableViewMVVM */ = {
			isa = PBXGroup;
			children = (
				A3455B8D2936399A00215FAF /* Components */,
				A3455B8A2936357500215FAF /* Enum */,
				A3455B7B29362EA700215FAF /* Model */,
				A3455B872936320200215FAF /* Extensions */,
				A3455B7A29362E9A00215FAF /* AppDelegate */,
				A3455B7E29362ECF00215FAF /* Resources */,
				A3455B7C29362EB100215FAF /* View */,
				A3455B7D29362EB600215FAF /* ViewModel */,
				A3455B7429362E8E00215FAF /* Info.plist */,
			);
			path = TableViewMVVM;
			sourceTree = "<group>";
		};
		A3455B7A29362E9A00215FAF /* AppDelegate */ = {
			isa = PBXGroup;
			children = (
				A3455B6629362E8D00215FAF /* AppDelegate.swift */,
				A3455B6829362E8D00215FAF /* SceneDelegate.swift */,
			);
			path = AppDelegate;
			sourceTree = "<group>";
		};
		A3455B7B29362EA700215FAF /* Model */ = {
			isa = PBXGroup;
			children = (
				A3455B852936315500215FAF /* Player.swift */,
			);
			path = Model;
			sourceTree = "<group>";
		};
		A3455B7C29362EB100215FAF /* View */ = {
			isa = PBXGroup;
			children = (
				A3455B7F29362FA400215FAF /* HomeViewController.swift */,
				A3455B8129362FBD00215FAF /* HomeView.swift */,
			);
			path = View;
			sourceTree = "<group>";
		};
		A3455B7D29362EB600215FAF /* ViewModel */ = {
			isa = PBXGroup;
			children = (
				A3455B83293630C700215FAF /* HomeViewModel.swift */,
			);
			path = ViewModel;
			sourceTree = "<group>";
		};
		A3455B7E29362ECF00215FAF /* Resources */ = {
			isa = PBXGroup;
			children = (
				A3455B6F29362E8E00215FAF /* Assets.xcassets */,
			);
			path = Resources;
			sourceTree = "<group>";
		};
		A3455B872936320200215FAF /* Extensions */ = {
			isa = PBXGroup;
			children = (
				A3455B882936320D00215FAF /* UIImage.swift */,
			);
			path = Extensions;
			sourceTree = "<group>";
		};
		A3455B8A2936357500215FAF /* Enum */ = {
			isa = PBXGroup;
			children = (
				A3455B8B2936358500215FAF /* PlayerType.swift */,
			);
			path = Enum;
			sourceTree = "<group>";
		};
		A3455B8D2936399A00215FAF /* Components */ = {
			isa = PBXGroup;
			children = (
				A3455B8E293639AB00215FAF /* PlayerTableViewCell.swift */,
			);
			path = Components;
			sourceTree = "<group>";
		};
/* End PBXGroup section */

/* Begin PBXNativeTarget section */
		A3455B6229362E8D00215FAF /* TableViewMVVM */ = {
			isa = PBXNativeTarget;
			buildConfigurationList = A3455B7729362E8E00215FAF /* Build configuration list for PBXNativeTarget "TableViewMVVM" */;
			buildPhases = (
				A3455B5F29362E8D00215FAF /* Sources */,
				A3455B6029362E8D00215FAF /* Frameworks */,
				A3455B6129362E8D00215FAF /* Resources */,
			);
			buildRules = (
			);
			dependencies = (
			);
			name = TableViewMVVM;
			productName = TableViewMVVM;
			productReference = A3455B6329362E8D00215FAF /* TableViewMVVM.app */;
			productType = "com.apple.product-type.application";
		};
/* End PBXNativeTarget section */

/* Begin PBXProject section */
		A3455B5B29362E8D00215FAF /* Project object */ = {
			isa = PBXProject;
			attributes = {
				BuildIndependentTargetsInParallel = 1;
				LastSwiftUpdateCheck = 1400;
				LastUpgradeCheck = 1400;
				TargetAttributes = {
					A3455B6229362E8D00215FAF = {
						CreatedOnToolsVersion = 14.0;
					};
				};
			};
			buildConfigurationList = A3455B5E29362E8D00215FAF /* Build configuration list for PBXProject "TableViewMVVM" */;
			compatibilityVersion = "Xcode 14.0";
			developmentRegion = en;
			hasScannedForEncodings = 0;
			knownRegions = (
				en,
				Base,
			);
			mainGroup = A3455B5A29362E8D00215FAF;
			productRefGroup = A3455B6429362E8D00215FAF /* Products */;
			projectDirPath = "";
			projectRoot = "";
			targets = (
				A3455B6229362E8D00215FAF /* TableViewMVVM */,
			);
		};
/* End PBXProject section */

/* Begin PBXResourcesBuildPhase section */
		A3455B6129362E8D00215FAF /* Resources */ = {
			isa = PBXResourcesBuildPhase;
			buildActionMask = 2147483647;
			files = (
				A3455B7029362E8E00215FAF /* Assets.xcassets in Resources */,
			);
			runOnlyForDeploymentPostprocessing = 0;
		};
/* End PBXResourcesBuildPhase section */

/* Begin PBXSourcesBuildPhase section */
		A3455B5F29362E8D00215FAF /* Sources */ = {
			isa = PBXSourcesBuildPhase;
			buildActionMask = 2147483647;
			files = (
				A3455B6729362E8D00215FAF /* AppDelegate.swift in Sources */,
				A3455B8229362FBD00215FAF /* HomeView.swift in Sources */,
				A3455B8C2936358500215FAF /* PlayerType.swift in Sources */,
				A3455B6929362E8D00215FAF /* SceneDelegate.swift in Sources */,
				A3455B84293630C700215FAF /* HomeViewModel.swift in Sources */,
				A3455B862936315500215FAF /* Player.swift in Sources */,
				A3455B8F293639AB00215FAF /* PlayerTableViewCell.swift in Sources */,
				A3455B8029362FA400215FAF /* HomeViewController.swift in Sources */,
				A3455B892936320D00215FAF /* UIImage.swift in Sources */,
			);
			runOnlyForDeploymentPostprocessing = 0;
		};
/* End PBXSourcesBuildPhase section */

/* Begin XCBuildConfiguration section */
		A3455B7529362E8E00215FAF /* Debug */ = {
			isa = XCBuildConfiguration;
			buildSettings = {
				ALWAYS_SEARCH_USER_PATHS = NO;
				CLANG_ANALYZER_NONNULL = YES;
				CLANG_ANALYZER_NUMBER_OBJECT_CONVERSION = YES_AGGRESSIVE;
				CLANG_CXX_LANGUAGE_STANDARD = "gnu++20";
				CLANG_ENABLE_MODULES = YES;
				CLANG_ENABLE_OBJC_ARC = YES;
				CLANG_ENABLE_OBJC_WEAK = YES;
				CLANG_WARN_BLOCK_CAPTURE_AUTORELEASING = YES;
				CLANG_WARN_BOOL_CONVERSION = YES;
				CLANG_WARN_COMMA = YES;
				CLANG_WARN_CONSTANT_CONVERSION = YES;
				CLANG_WARN_DEPRECATED_OBJC_IMPLEMENTATIONS = YES;
				CLANG_WARN_DIRECT_OBJC_ISA_USAGE = YES_ERROR;
				CLANG_WARN_DOCUMENTATION_COMMENTS = YES;
				CLANG_WARN_EMPTY_BODY = YES;
				CLANG_WARN_ENUM_CONVERSION = YES;
				CLANG_WARN_INFINITE_RECURSION = YES;
				CLANG_WARN_INT_CONVERSION = YES;
				CLANG_WARN_NON_LITERAL_NULL_CONVERSION = YES;
				CLANG_WARN_OBJC_IMPLICIT_RETAIN_SELF = YES;
				CLANG_WARN_OBJC_LITERAL_CONVERSION = YES;
				CLANG_WARN_OBJC_ROOT_CLASS = YES_ERROR;
				CLANG_WARN_QUOTED_INCLUDE_IN_FRAMEWORK_HEADER = YES;
				CLANG_WARN_RANGE_LOOP_ANALYSIS = YES;
				CLANG_WARN_STRICT_PROTOTYPES = YES;
				CLANG_WARN_SUSPICIOUS_MOVE = YES;
				CLANG_WARN_UNGUARDED_AVAILABILITY = YES_AGGRESSIVE;
				CLANG_WARN_UNREACHABLE_CODE = YES;
				CLANG_WARN__DUPLICATE_METHOD_MATCH = YES;
				COPY_PHASE_STRIP = NO;
				DEBUG_INFORMATION_FORMAT = dwarf;
				ENABLE_STRICT_OBJC_MSGSEND = YES;
				ENABLE_TESTABILITY = YES;
				GCC_C_LANGUAGE_STANDARD = gnu11;
				GCC_DYNAMIC_NO_PIC = NO;
				GCC_NO_COMMON_BLOCKS = YES;
				GCC_OPTIMIZATION_LEVEL = 0;
				GCC_PREPROCESSOR_DEFINITIONS = (
					"DEBUG=1",
					"$(inherited)",
				);
				GCC_WARN_64_TO_32_BIT_CONVERSION = YES;
				GCC_WARN_ABOUT_RETURN_TYPE = YES_ERROR;
				GCC_WARN_UNDECLARED_SELECTOR = YES;
				GCC_WARN_UNINITIALIZED_AUTOS = YES_AGGRESSIVE;
				GCC_WARN_UNUSED_FUNCTION = YES;
				GCC_WARN_UNUSED_VARIABLE = YES;
				IPHONEOS_DEPLOYMENT_TARGET = 16.0;
				MTL_ENABLE_DEBUG_INFO = INCLUDE_SOURCE;
				MTL_FAST_MATH = YES;
				ONLY_ACTIVE_ARCH = YES;
				SDKROOT = iphoneos;
				SWIFT_ACTIVE_COMPILATION_CONDITIONS = DEBUG;
				SWIFT_OPTIMIZATION_LEVEL = "-Onone";
			};
			name = Debug;
		};
		A3455B7629362E8E00215FAF /* Release */ = {
			isa = XCBuildConfiguration;
			buildSettings = {
				ALWAYS_SEARCH_USER_PATHS = NO;
				CLANG_ANALYZER_NONNULL = YES;
				CLANG_ANALYZER_NUMBER_OBJECT_CONVERSION = YES_AGGRESSIVE;
				CLANG_CXX_LANGUAGE_STANDARD = "gnu++20";
				CLANG_ENABLE_MODULES = YES;
				CLANG_ENABLE_OBJC_ARC = YES;
				CLANG_ENABLE_OBJC_WEAK = YES;
				CLANG_WARN_BLOCK_CAPTURE_AUTORELEASING = YES;
				CLANG_WARN_BOOL_CONVERSION = YES;
				CLANG_WARN_COMMA = YES;
				CLANG_WARN_CONSTANT_CONVERSION = YES;
				CLANG_WARN_DEPRECATED_OBJC_IMPLEMENTATIONS = YES;
				CLANG_WARN_DIRECT_OBJC_ISA_USAGE = YES_ERROR;
				CLANG_WARN_DOCUMENTATION_COMMENTS = YES;
				CLANG_WARN_EMPTY_BODY = YES;
				CLANG_WARN_ENUM_CONVERSION = YES;
				CLANG_WARN_INFINITE_RECURSION = YES;
				CLANG_WARN_INT_CONVERSION = YES;
				CLANG_WARN_NON_LITERAL_NULL_CONVERSION = YES;
				CLANG_WARN_OBJC_IMPLICIT_RETAIN_SELF = YES;
				CLANG_WARN_OBJC_LITERAL_CONVERSION = YES;
				CLANG_WARN_OBJC_ROOT_CLASS = YES_ERROR;
				CLANG_WARN_QUOTED_INCLUDE_IN_FRAMEWORK_HEADER = YES;
				CLANG_WARN_RANGE_LOOP_ANALYSIS = YES;
				CLANG_WARN_STRICT_PROTOTYPES = YES;
				CLANG_WARN_SUSPICIOUS_MOVE = YES;
				CLANG_WARN_UNGUARDED_AVAILABILITY = YES_AGGRESSIVE;
				CLANG_WARN_UNREACHABLE_CODE = YES;
				CLANG_WARN__DUPLICATE_METHOD_MATCH = YES;
				COPY_PHASE_STRIP = NO;
				DEBUG_INFORMATION_FORMAT = "dwarf-with-dsym";
				ENABLE_NS_ASSERTIONS = NO;
				ENABLE_STRICT_OBJC_MSGSEND = YES;
				GCC_C_LANGUAGE_STANDARD = gnu11;
				GCC_NO_COMMON_BLOCKS = YES;
				GCC_WARN_64_TO_32_BIT_CONVERSION = YES;
				GCC_WARN_ABOUT_RETURN_TYPE = YES_ERROR;
				GCC_WARN_UNDECLARED_SELECTOR = YES;
				GCC_WARN_UNINITIALIZED_AUTOS = YES_AGGRESSIVE;
				GCC_WARN_UNUSED_FUNCTION = YES;
				GCC_WARN_UNUSED_VARIABLE = YES;
				IPHONEOS_DEPLOYMENT_TARGET = 16.0;
				MTL_ENABLE_DEBUG_INFO = NO;
				MTL_FAST_MATH = YES;
				SDKROOT = iphoneos;
				SWIFT_COMPILATION_MODE = wholemodule;
				SWIFT_OPTIMIZATION_LEVEL = "-O";
				VALIDATE_PRODUCT = YES;
			};
			name = Release;
		};
		A3455B7829362E8E00215FAF /* Debug */ = {
			isa = XCBuildConfiguration;
			buildSettings = {
				ASSETCATALOG_COMPILER_APPICON_NAME = AppIcon;
				ASSETCATALOG_COMPILER_GLOBAL_ACCENT_COLOR_NAME = AccentColor;
				CODE_SIGN_STYLE = Automatic;
				CURRENT_PROJECT_VERSION = 1;
				DEVELOPMENT_TEAM = GM2YUUZ32A;
				GENERATE_INFOPLIST_FILE = YES;
				INFOPLIST_FILE = TableViewMVVM/Info.plist;
				INFOPLIST_KEY_UIApplicationSupportsIndirectInputEvents = YES;
				INFOPLIST_KEY_UILaunchStoryboardName = LaunchScreen;
				INFOPLIST_KEY_UISupportedInterfaceOrientations_iPad = "UIInterfaceOrientationPortrait UIInterfaceOrientationPortraitUpsideDown UIInterfaceOrientationLandscapeLeft UIInterfaceOrientationLandscapeRight";
				INFOPLIST_KEY_UISupportedInterfaceOrientations_iPhone = "UIInterfaceOrientationPortrait UIInterfaceOrientationLandscapeLeft UIInterfaceOrientationLandscapeRight";
				LD_RUNPATH_SEARCH_PATHS = (
					"$(inherited)",
					"@executable_path/Frameworks",
				);
				MARKETING_VERSION = 1.0;
				PRODUCT_BUNDLE_IDENTIFIER = br.com.simim.TableViewMVVM;
				PRODUCT_NAME = "$(TARGET_NAME)";
				SWIFT_EMIT_LOC_STRINGS = YES;
				SWIFT_VERSION = 5.0;
				TARGETED_DEVICE_FAMILY = "1,2";
			};
			name = Debug;
		};
		A3455B7929362E8E00215FAF /* Release */ = {
			isa = XCBuildConfiguration;
			buildSettings = {
				ASSETCATALOG_COMPILER_APPICON_NAME = AppIcon;
				ASSETCATALOG_COMPILER_GLOBAL_ACCENT_COLOR_NAME = AccentColor;
				CODE_SIGN_STYLE = Automatic;
				CURRENT_PROJECT_VERSION = 1;
				DEVELOPMENT_TEAM = GM2YUUZ32A;
				GENERATE_INFOPLIST_FILE = YES;
				INFOPLIST_FILE = TableViewMVVM/Info.plist;
				INFOPLIST_KEY_UIApplicationSupportsIndirectInputEvents = YES;
				INFOPLIST_KEY_UILaunchStoryboardName = LaunchScreen;
				INFOPLIST_KEY_UISupportedInterfaceOrientations_iPad = "UIInterfaceOrientationPortrait UIInterfaceOrientationPortraitUpsideDown UIInterfaceOrientationLandscapeLeft UIInterfaceOrientationLandscapeRight";
				INFOPLIST_KEY_UISupportedInterfaceOrientations_iPhone = "UIInterfaceOrientationPortrait UIInterfaceOrientationLandscapeLeft UIInterfaceOrientationLandscapeRight";
				LD_RUNPATH_SEARCH_PATHS = (
					"$(inherited)",
					"@executable_path/Frameworks",
				);
				MARKETING_VERSION = 1.0;
				PRODUCT_BUNDLE_IDENTIFIER = br.com.simim.TableViewMVVM;
				PRODUCT_NAME = "$(TARGET_NAME)";
				SWIFT_EMIT_LOC_STRINGS = YES;
				SWIFT_VERSION = 5.0;
				TARGETED_DEVICE_FAMILY = "1,2";
			};
			name = Release;
		};
/* End XCBuildConfiguration section */

/* Begin XCConfigurationList section */
		A3455B5E29362E8D00215FAF /* Build configuration list for PBXProject "TableViewMVVM" */ = {
			isa = XCConfigurationList;
			buildConfigurations = (
				A3455B7529362E8E00215FAF /* Debug */,
				A3455B7629362E8E00215FAF /* Release */,
			);
			defaultConfigurationIsVisible = 0;
			defaultConfigurationName = Release;
		};
		A3455B7729362E8E00215FAF /* Build configuration list for PBXNativeTarget "TableViewMVVM" */ = {
			isa = XCConfigurationList;
			buildConfigurations = (
				A3455B7829362E8E00215FAF /* Debug */,
				A3455B7929362E8E00215FAF /* Release */,
			);
			defaultConfigurationIsVisible = 0;
			defaultConfigurationName = Release;
		};
/* End XCConfigurationList section */
	};
	rootObject = A3455B5B29362E8D00215FAF /* Project object */;
}
